
Microsoft Visual Studio Solution File, Format Version 12.00
# Visual Studio 2012
Project("{8BC9CEB8-8B4A-11D0-8D11-00A0C91BC942}") = "foo_input_zxtune", "foo_input_zxtune.vcxproj", "{B6F0C5A4-1949-44BD-819D-5EF2AA0549C8}"
EndProject
Global
	GlobalSection(SolutionConfigurationPlatforms) = preSolution
		Debug|Win32 = Debug|Win32
		Release|Win32 = Release|Win32
	EndGlobalSection
	GlobalSection(ProjectConfigurationPlatforms) = postSolution
		{B6F0C5A4-1949-44BD-819D-5EF2AA0549C8}.Debug|Win32.ActiveCfg = Debug|Win32
		{B6F0C5A4-1949-44BD-819D-5EF2AA0549C8}.Debug|Win32.Build.0 = Debug|Win32
		{B6F0C5A4-1949-44BD-819D-5EF2AA0549C8}.Release|Win32.ActiveCfg = Release|Win32
		{B6F0C5A4-1949-44BD-819D-5EF2AA0549C8}.Release|Win32.Build.0 = Release|Win32
	EndGlobalSection
	GlobalSection(SolutionProperties) = preSolution
		HideSolutionNode = FALSE
	EndGlobalSection
EndGlobal
