<?xml version="1.0" encoding="UTF-8" standalone="yes" ?>
<CodeBlocks_project_file>
	<FileVersion major="1" minor="6" />
	<Project>
		<Option title="cmdline" />
		<Option pch_mode="2" />
		<Option compiler="gcc" />
		<Build>
			<Target title="Debug">
				<Option output="bin/Debug/cmdline" prefix_auto="1" extension_auto="1" />
				<Option object_output="obj/Debug/" />
				<Option type="1" />
				<Option compiler="gcc" />
				<Option parameters="e7e2f78b.txt" />
				<Option projectIncludeDirsRelation="0" />
				<Compiler>
					<Add option="-W" />
					<Add option="-Wall" />
					<Add option="-ansi" />
					<Add option="-g" />
					<Add option="-funsigned-char" />
					<Add option="-Wextra" />
					<Add option="-pipe" />
					<Add directory="../../include/boost/tr1/tr1" />
					<Add directory="../../include/boost/tr1" />
					<Add directory="../../include" />
					<Add directory="../../lib/include" />
				</Compiler>
				<Linker>
					<Add library="pthread" />
				</Linker>
			</Target>
			<Target title="Release">
				<Option output="bin/Release/cmdline" prefix_auto="1" extension_auto="1" />
				<Option object_output="obj/Release/" />
				<Option type="1" />
				<Option compiler="gcc" />
				<Compiler>
					<Add option="-O2" />
				</Compiler>
				<Linker>
					<Add option="-s" />
				</Linker>
			</Target>
		</Build>
		<Compiler>
			<Add option="-W" />
			<Add option="-Wall" />
			<Add option="-ansi" />
			<Add option="-funsigned-char -Wextra -pipe" />
			<Add option="-D__STDC_CONSTANT_MACROS" />
			<Add directory="../.." />
			<Add directory="../../include/boost/tr1/tr1" />
			<Add directory="../../include/boost/tr1" />
			<Add directory="../../include" />
			<Add directory="../../src/lib/include" />
		</Compiler>
		<Linker>
			<Add library="pthread" />
			<Add library="asound" />
		</Linker>
		<Unit filename="../../include/error.h" />
		<Unit filename="../../include/tools.h" />
		<Unit filename="../../include/types.h" />
		<Unit filename="../../src/archives/archive.h" />
		<Unit filename="../../src/archives/formats/formats_enumerator.cpp" />
		<Unit filename="../../src/archives/formats/formats_enumerator.h" />
		<Unit filename="../../src/archives/formats/hrip.h" />
		<Unit filename="../../src/archives/formats/hrust_1x.cpp" />
		<Unit filename="../../src/archives/formats/hrust_2x.cpp" />
		<Unit filename="../../src/lib/devices/aym/aym.cpp" />
		<Unit filename="../../src/lib/devices/aym/aym.h" />
		<Unit filename="../../src/lib/devices/data_source.h" />
		<Unit filename="../../src/lib/include/convert_parameters.h" />
		<Unit filename="../../src/lib/include/module.h" />
		<Unit filename="../../src/lib/include/module_attrs.h" />
		<Unit filename="../../src/lib/include/player.h" />
		<Unit filename="../../src/lib/include/player_attrs.h" />
		<Unit filename="../../src/lib/include/player_convert.h" />
		<Unit filename="../../src/lib/include/sound.h" />
		<Unit filename="../../src/lib/include/sound_attrs.h" />
		<Unit filename="../../src/lib/include/sound_types.h" />
		<Unit filename="../../src/lib/io/container.cpp" />
		<Unit filename="../../src/lib/io/container.h" />
		<Unit filename="../../src/lib/io/location.h" />
		<Unit filename="../../src/lib/io/trdos.h" />
		<Unit filename="../../src/lib/io/warnings_collector.h" />
		<Unit filename="../../src/lib/plugins/asc_supp.cpp" />
		<Unit filename="../../src/lib/plugins/chi_supp.cpp" />
		<Unit filename="../../src/lib/plugins/detector.cpp" />
		<Unit filename="../../src/lib/plugins/detector.h" />
		<Unit filename="../../src/lib/plugins/hobeta_supp.cpp" />
		<Unit filename="../../src/lib/plugins/hrip_supp.cpp" />
		<Unit filename="../../src/lib/plugins/multitrack_supp.cpp" />
		<Unit filename="../../src/lib/plugins/multitrack_supp.h" />
		<Unit filename="../../src/lib/plugins/packed_supp.cpp" />
		<Unit filename="../../src/lib/plugins/player_base.cpp" />
		<Unit filename="../../src/lib/plugins/player_base.h" />
		<Unit filename="../../src/lib/plugins/plugin_enumerator.cpp" />
		<Unit filename="../../src/lib/plugins/plugin_enumerator.h" />
		<Unit filename="../../src/lib/plugins/psg_supp.cpp" />
		<Unit filename="../../src/lib/plugins/pt2_supp.cpp" />
		<Unit filename="../../src/lib/plugins/pt3_supp.cpp" />
		<Unit filename="../../src/lib/plugins/raw_supp.cpp" />
		<Unit filename="../../src/lib/plugins/scl_supp.cpp" />
		<Unit filename="../../src/lib/plugins/stc_supp.cpp" />
		<Unit filename="../../src/lib/plugins/tracking_supp.h" />
		<Unit filename="../../src/lib/plugins/trd_supp.cpp" />
		<Unit filename="../../src/lib/plugins/ts_supp.cpp" />
		<Unit filename="../../src/lib/plugins/txt_supp.cpp" />
		<Unit filename="../../src/lib/plugins/vortex_base.cpp" />
		<Unit filename="../../src/lib/plugins/vortex_base.h" />
		<Unit filename="../../src/lib/plugins/vortex_io.cpp" />
		<Unit filename="../../src/lib/plugins/vortex_io.h" />
		<Unit filename="../../src/lib/sound/filter.cpp" />
		<Unit filename="../../src/lib/sound/filter.h" />
		<Unit filename="../../src/lib/sound/mixer.cpp" />
		<Unit filename="../../src/lib/sound/mixer.h" />
		<Unit filename="../../src/lib/sound/renderer.cpp" />
		<Unit filename="../../src/lib/sound/renderer.h" />
		<Unit filename="../../src/platform/thread/pthread/exceptions.cpp" />
		<Unit filename="../../src/platform/thread/pthread/once.cpp" />
		<Unit filename="../../src/platform/thread/pthread/thread.cpp" />
		<Unit filename="../../src/platform/thread/pthread/timeconv.inl" />
		<Unit filename="../../src/platform/thread/tss_null.cpp" />
		<Unit filename="../../src/platform/thread/win32/timeconv.inl" />
		<Unit filename="../../src/supp/backend_enumerator.cpp" />
		<Unit filename="../../src/supp/backend_enumerator.h" />
		<Unit filename="../../src/supp/cross/file_backend.cpp" />
		<Unit filename="../../src/supp/cross/null_backend.cpp" />
		<Unit filename="../../src/supp/linux/alsa_backend.cpp" />
		<Unit filename="../../src/supp/linux/oss_backend.cpp" />
		<Unit filename="../../src/supp/sound_backend.h" />
		<Unit filename="../../src/supp/sound_backend_async.cpp" />
		<Unit filename="../../src/supp/sound_backend_async.h" />
		<Unit filename="../../src/supp/sound_backend_impl.cpp" />
		<Unit filename="../../src/supp/sound_backend_impl.cpp.save" />
		<Unit filename="../../src/supp/sound_backend_impl.h" />
		<Unit filename="../../src/supp/sound_backend_types.h" />
		<Unit filename="../../src/supp/win/win32_backend.cpp">
			<Option compile="0" />
			<Option link="0" />
			<Option target="&lt;{~None~}&gt;" />
		</Unit>
		<Unit filename="main.cpp" />
		<Unit filename="../../text/backends.cpp" />
		<Unit filename="../../text/backends.h" />
		<Unit filename="../../text/common.cpp" />
		<Unit filename="../../text/common.h" />
		<Unit filename="../../text/errors.cpp" />
		<Unit filename="../../text/errors.h" />
		<Unit filename="../../text/plugins.cpp" />
		<Unit filename="../../text/plugins.h" />
		<Unit filename="../../text/warnings.cpp" />
		<Unit filename="../../text/warnings.h" />
		<Extensions>
			<envvars />
			<code_completion />
			<lib_finder disable_auto="1" />
			<debugger />
		</Extensions>
	</Project>
</CodeBlocks_project_file>
